// !$*UTF8*$!
{
	archiveVersion = 1;
	classes = {
	};
	objectVersion = 77;
	objects = {

/* Begin PBXBuildFile section */
		711ED1552EDB42A8000F91E5 /* FirebaseAuth in Frameworks */ = {isa = PBXBuildFile; productRef = 711ED1542EDB42A8000F91E5 /* FirebaseAuth */; };
		711ED1572EDB42A8000F91E5 /* FirebaseFirestore in Frameworks */ = {isa = PBXBuildFile; productRef = 711ED1562EDB42A8000F91E5 /* FirebaseFirestore */; };
		711ED1592EDB42A8000F91E5 /* FirebaseStorage in Frameworks */ = {isa = PBXBuildFile; productRef = 711ED1582EDB42A8000F91E5 /* FirebaseStorage */; };
/* End PBXBuildFile section */

/* Begin PBXContainerItemProxy section */
		9A6DA9012ED6C4E700847200 /* PBXContainerItemProxy */ = {
			isa = PBXContainerItemProxy;
			containerPortal = 713FD7672ED0177200EC8EA8 /* Project object */;
			proxyType = 1;
			remoteGlobalIDString = 9A6DA8EF2ED6C4E700847200;
			remoteInfo = "CS50 IOS";
		};
		9A6DA90B2ED6C4E700847200 /* PBXContainerItemProxy */ = {
			isa = PBXContainerItemProxy;
			containerPortal = 713FD7672ED0177200EC8EA8 /* Project object */;
			proxyType = 1;
			remoteGlobalIDString = 9A6DA8EF2ED6C4E700847200;
			remoteInfo = "CS50 IOS";
		};
/* End PBXContainerItemProxy section */

/* Begin PBXFileReference section */
		9A6DA8F02ED6C4E700847200 /* CS50 IOS.app */ = {isa = PBXFileReference; explicitFileType = wrapper.application; includeInIndex = 0; path = "CS50 IOS.app"; sourceTree = BUILT_PRODUCTS_DIR; };
		9A6DA9002ED6C4E700847200 /* CS50 IOSTests.xctest */ = {isa = PBXFileReference; explicitFileType = wrapper.cfbundle; includeInIndex = 0; path = "CS50 IOSTests.xctest"; sourceTree = BUILT_PRODUCTS_DIR; };
		9A6DA90A2ED6C4E700847200 /* CS50 IOSUITests.xctest */ = {isa = PBXFileReference; explicitFileType = wrapper.cfbundle; includeInIndex = 0; path = "CS50 IOSUITests.xctest"; sourceTree = BUILT_PRODUCTS_DIR; };
/* End PBXFileReference section */

/* Begin PBXFileSystemSynchronizedBuildFileExceptionSet section */
		9A6DA9122ED6C4E800847200 /* Exceptions for "CS50 IOS" folder in "CS50 IOS" target */ = {
			isa = PBXFileSystemSynchronizedBuildFileExceptionSet;
			membershipExceptions = (
				.gitignore.txt,
				Info.plist,
			);
			target = 9A6DA8EF2ED6C4E700847200 /* CS50 IOS */;
		};
/* End PBXFileSystemSynchronizedBuildFileExceptionSet section */

/* Begin PBXFileSystemSynchronizedRootGroup section */
		9A6DA8F12ED6C4E700847200 /* CS50 IOS */ = {
			isa = PBXFileSystemSynchronizedRootGroup;
			exceptions = (
				9A6DA9122ED6C4E800847200 /* Exceptions for "CS50 IOS" folder in "CS50 IOS" target */,
			);
			path = "CS50 IOS";
			sourceTree = "<group>";
		};
		9A6DA9032ED6C4E700847200 /* CS50 IOSTests */ = {
			isa = PBXFileSystemSynchronizedRootGroup;
			path = "CS50 IOSTests";
			sourceTree = "<group>";
		};
		9A6DA90D2ED6C4E700847200 /* CS50 IOSUITests */ = {
			isa = PBXFileSystemSynchronizedRootGroup;
			path = "CS50 IOSUITests";
			sourceTree = "<group>";
		};
/* End PBXFileSystemSynchronizedRootGroup section */

/* Begin PBXFrameworksBuildPhase section */
		9A6DA8ED2ED6C4E700847200 /* Frameworks */ = {
			isa = PBXFrameworksBuildPhase;
			buildActionMask = 2147483647;
			files = (
				711ED1552EDB42A8000F91E5 /* FirebaseAuth in Frameworks */,
				711ED1572EDB42A8000F91E5 /* FirebaseFirestore in Frameworks */,
				711ED1592EDB42A8000F91E5 /* FirebaseStorage in Frameworks */,
			);
			runOnlyForDeploymentPostprocessing = 0;
		};
		9A6DA8FD2ED6C4E700847200 /* Frameworks */ = {
			isa = PBXFrameworksBuildPhase;
			buildActionMask = 2147483647;
			files = (
			);
			runOnlyForDeploymentPostprocessing = 0;
		};
		9A6DA9072ED6C4E700847200 /* Frameworks */ = {
			isa = PBXFrameworksBuildPhase;
			buildActionMask = 2147483647;
			files = (
			);
			runOnlyForDeploymentPostprocessing = 0;
		};
/* End PBXFrameworksBuildPhase section */

/* Begin PBXGroup section */
		713FD7662ED0177200EC8EA8 = {
			isa = PBXGroup;
			children = (
				9A6DA8F12ED6C4E700847200 /* CS50 IOS */,
				9A6DA9032ED6C4E700847200 /* CS50 IOSTests */,
				9A6DA90D2ED6C4E700847200 /* CS50 IOSUITests */,
				713FD7702ED0177200EC8EA8 /* Products */,
			);
			sourceTree = "<group>";
		};
		713FD7702ED0177200EC8EA8 /* Products */ = {
			isa = PBXGroup;
			children = (
				9A6DA8F02ED6C4E700847200 /* CS50 IOS.app */,
				9A6DA9002ED6C4E700847200 /* CS50 IOSTests.xctest */,
				9A6DA90A2ED6C4E700847200 /* CS50 IOSUITests.xctest */,
			);
			name = Products;
			sourceTree = "<group>";
		};
/* End PBXGroup section */

/* Begin PBXNativeTarget section */
		9A6DA8EF2ED6C4E700847200 /* CS50 IOS */ = {
			isa = PBXNativeTarget;
			buildConfigurationList = 9A6DA9132ED6C4E800847200 /* Build configuration list for PBXNativeTarget "CS50 IOS" */;
			buildPhases = (
				9A6DA8EC2ED6C4E700847200 /* Sources */,
				9A6DA8ED2ED6C4E700847200 /* Frameworks */,
				9A6DA8EE2ED6C4E700847200 /* Resources */,
			);
			buildRules = (
			);
			dependencies = (
			);
			fileSystemSynchronizedGroups = (
				9A6DA8F12ED6C4E700847200 /* CS50 IOS */,
			);
			name = "CS50 IOS";
			packageProductDependencies = (
				711ED1542EDB42A8000F91E5 /* FirebaseAuth */,
				711ED1562EDB42A8000F91E5 /* FirebaseFirestore */,
				711ED1582EDB42A8000F91E5 /* FirebaseStorage */,
			);
			productName = "CS50 IOS";
			productReference = 9A6DA8F02ED6C4E700847200 /* CS50 IOS.app */;
			productType = "com.apple.product-type.application";
		};
		9A6DA8FF2ED6C4E700847200 /* CS50 IOSTests */ = {
			isa = PBXNativeTarget;
			buildConfigurationList = 9A6DA9162ED6C4E800847200 /* Build configuration list for PBXNativeTarget "CS50 IOSTests" */;
			buildPhases = (
				9A6DA8FC2ED6C4E700847200 /* Sources */,
				9A6DA8FD2ED6C4E700847200 /* Frameworks */,
				9A6DA8FE2ED6C4E700847200 /* Resources */,
			);
			buildRules = (
			);
			dependencies = (
				9A6DA9022ED6C4E700847200 /* PBXTargetDependency */,
			);
			fileSystemSynchronizedGroups = (
				9A6DA9032ED6C4E700847200 /* CS50 IOSTests */,
			);
			name = "CS50 IOSTests";
			packageProductDependencies = (
			);
			productName = "CS50 IOSTests";
			productReference = 9A6DA9002ED6C4E700847200 /* CS50 IOSTests.xctest */;
			productType = "com.apple.product-type.bundle.unit-test";
		};
		9A6DA9092ED6C4E700847200 /* CS50 IOSUITests */ = {
			isa = PBXNativeTarget;
			buildConfigurationList = 9A6DA9192ED6C4E800847200 /* Build configuration list for PBXNativeTarget "CS50 IOSUITests" */;
			buildPhases = (
				9A6DA9062ED6C4E700847200 /* Sources */,
				9A6DA9072ED6C4E700847200 /* Frameworks */,
				9A6DA9082ED6C4E700847200 /* Resources */,
			);
			buildRules = (
			);
			dependencies = (
				9A6DA90C2ED6C4E700847200 /* PBXTargetDependency */,
			);
			fileSystemSynchronizedGroups = (
				9A6DA90D2ED6C4E700847200 /* CS50 IOSUITests */,
			);
			name = "CS50 IOSUITests";
			packageProductDependencies = (
			);
			productName = "CS50 IOSUITests";
			productReference = 9A6DA90A2ED6C4E700847200 /* CS50 IOSUITests.xctest */;
			productType = "com.apple.product-type.bundle.ui-testing";
		};
/* End PBXNativeTarget section */

/* Begin PBXProject section */
		713FD7672ED0177200EC8EA8 /* Project object */ = {
			isa = PBXProject;
			attributes = {
				BuildIndependentTargetsInParallel = 1;
				LastSwiftUpdateCheck = 2610;
				LastUpgradeCheck = 2610;
				TargetAttributes = {
					9A6DA8EF2ED6C4E700847200 = {
						CreatedOnToolsVersion = 26.1;
					};
					9A6DA8FF2ED6C4E700847200 = {
						CreatedOnToolsVersion = 26.1;
						TestTargetID = 9A6DA8EF2ED6C4E700847200;
					};
					9A6DA9092ED6C4E700847200 = {
						CreatedOnToolsVersion = 26.1;
						TestTargetID = 9A6DA8EF2ED6C4E700847200;
					};
				};
			};
			buildConfigurationList = 713FD76A2ED0177200EC8EA8 /* Build configuration list for PBXProject "CS50" */;
			developmentRegion = en;
			hasScannedForEncodings = 0;
			knownRegions = (
				en,
				Base,
			);
			mainGroup = 713FD7662ED0177200EC8EA8;
			minimizedProjectReferenceProxies = 1;
			packageReferences = (
				711ED1532EDB42A8000F91E5 /* XCRemoteSwiftPackageReference "firebase-ios-sdk" */,
			);
			preferredProjectObjectVersion = 77;
			productRefGroup = 713FD7702ED0177200EC8EA8 /* Products */;
			projectDirPath = "";
			projectRoot = "";
			targets = (
				9A6DA8EF2ED6C4E700847200 /* CS50 IOS */,
				9A6DA8FF2ED6C4E700847200 /* CS50 IOSTests */,
				9A6DA9092ED6C4E700847200 /* CS50 IOSUITests */,
			);
		};
/* End PBXProject section */

/* Begin PBXResourcesBuildPhase section */
		9A6DA8EE2ED6C4E700847200 /* Resources */ = {
			isa = PBXResourcesBuildPhase;
			buildActionMask = 2147483647;
			files = (
			);
			runOnlyForDeploymentPostprocessing = 0;
		};
		9A6DA8FE2ED6C4E700847200 /* Resources */ = {
			isa = PBXResourcesBuildPhase;
			buildActionMask = 2147483647;
			files = (
			);
			runOnlyForDeploymentPostprocessing = 0;
		};
		9A6DA9082ED6C4E700847200 /* Resources */ = {
			isa = PBXResourcesBuildPhase;
			buildActionMask = 2147483647;
			files = (
			);
			runOnlyForDeploymentPostprocessing = 0;
		};
/* End PBXResourcesBuildPhase section */

/* Begin PBXSourcesBuildPhase section */
		9A6DA8EC2ED6C4E700847200 /* Sources */ = {
			isa = PBXSourcesBuildPhase;
			buildActionMask = 2147483647;
			files = (
			);
			runOnlyForDeploymentPostprocessing = 0;
		};
		9A6DA8FC2ED6C4E700847200 /* Sources */ = {
			isa = PBXSourcesBuildPhase;
			buildActionMask = 2147483647;
			files = (
			);
			runOnlyForDeploymentPostprocessing = 0;
		};
		9A6DA9062ED6C4E700847200 /* Sources */ = {
			isa = PBXSourcesBuildPhase;
			buildActionMask = 2147483647;
			files = (
			);
			runOnlyForDeploymentPostprocessing = 0;
		};
/* End PBXSourcesBuildPhase section */

/* Begin PBXTargetDependency section */
		9A6DA9022ED6C4E700847200 /* PBXTargetDependency */ = {
			isa = PBXTargetDependency;
			target = 9A6DA8EF2ED6C4E700847200 /* CS50 IOS */;
			targetProxy = 9A6DA9012ED6C4E700847200 /* PBXContainerItemProxy */;
		};
		9A6DA90C2ED6C4E700847200 /* PBXTargetDependency */ = {
			isa = PBXTargetDependency;
			target = 9A6DA8EF2ED6C4E700847200 /* CS50 IOS */;
			targetProxy = 9A6DA90B2ED6C4E700847200 /* PBXContainerItemProxy */;
		};
/* End PBXTargetDependency section */

/* Begin XCBuildConfiguration section */
		713FD7902ED0177400EC8EA8 /* Debug */ = {
			isa = XCBuildConfiguration;
			buildSettings = {
				ALWAYS_SEARCH_USER_PATHS = NO;
				ASSETCATALOG_COMPILER_GENERATE_SWIFT_ASSET_SYMBOL_EXTENSIONS = YES;
				CLANG_ANALYZER_NONNULL = YES;
				CLANG_ANALYZER_NUMBER_OBJECT_CONVERSION = YES_AGGRESSIVE;
				CLANG_CXX_LANGUAGE_STANDARD = "gnu++20";
				CLANG_ENABLE_MODULES = YES;
				CLANG_ENABLE_OBJC_ARC = YES;
				CLANG_ENABLE_OBJC_WEAK = YES;
				CLANG_WARN_BLOCK_CAPTURE_AUTORELEASING = YES;
				CLANG_WARN_BOOL_CONVERSION = YES;
				CLANG_WARN_COMMA = YES;
				CLANG_WARN_CONSTANT_CONVERSION = YES;
				CLANG_WARN_DEPRECATED_OBJC_IMPLEMENTATIONS = YES;
				CLANG_WARN_DIRECT_OBJC_ISA_USAGE = YES_ERROR;
				CLANG_WARN_DOCUMENTATION_COMMENTS = YES;
				CLANG_WARN_EMPTY_BODY = YES;
				CLANG_WARN_ENUM_CONVERSION = YES;
				CLANG_WARN_INFINITE_RECURSION = YES;
				CLANG_WARN_INT_CONVERSION = YES;
				CLANG_WARN_NON_LITERAL_NULL_CONVERSION = YES;
				CLANG_WARN_OBJC_IMPLICIT_RETAIN_SELF = YES;
				CLANG_WARN_OBJC_LITERAL_CONVERSION = YES;
				CLANG_WARN_OBJC_ROOT_CLASS = YES_ERROR;
				CLANG_WARN_QUOTED_INCLUDE_IN_FRAMEWORK_HEADER = YES;
				CLANG_WARN_RANGE_LOOP_ANALYSIS = YES;
				CLANG_WARN_STRICT_PROTOTYPES = YES;
				CLANG_WARN_SUSPICIOUS_MOVE = YES;
				CLANG_WARN_UNGUARDED_AVAILABILITY = YES_AGGRESSIVE;
				CLANG_WARN_UNREACHABLE_CODE = YES;
				CLANG_WARN__DUPLICATE_METHOD_MATCH = YES;
				COPY_PHASE_STRIP = NO;
				DEBUG_INFORMATION_FORMAT = dwarf;
				ENABLE_STRICT_OBJC_MSGSEND = YES;
				ENABLE_TESTABILITY = YES;
				ENABLE_USER_SCRIPT_SANDBOXING = YES;
				GCC_C_LANGUAGE_STANDARD = gnu17;
				GCC_DYNAMIC_NO_PIC = NO;
				GCC_NO_COMMON_BLOCKS = YES;
				GCC_OPTIMIZATION_LEVEL = 0;
				GCC_PREPROCESSOR_DEFINITIONS = (
					"DEBUG=1",
					"$(inherited)",
				);
				GCC_WARN_64_TO_32_BIT_CONVERSION = YES;
				GCC_WARN_ABOUT_RETURN_TYPE = YES_ERROR;
				GCC_WARN_UNDECLARED_SELECTOR = YES;
				GCC_WARN_UNINITIALIZED_AUTOS = YES_AGGRESSIVE;
				GCC_WARN_UNUSED_FUNCTION = YES;
				GCC_WARN_UNUSED_VARIABLE = YES;
				LOCALIZATION_PREFERS_STRING_CATALOGS = YES;
				MTL_ENABLE_DEBUG_INFO = INCLUDE_SOURCE;
				MTL_FAST_MATH = YES;
				ONLY_ACTIVE_ARCH = YES;
				SWIFT_ACTIVE_COMPILATION_CONDITIONS = "DEBUG $(inherited)";
				SWIFT_OPTIMIZATION_LEVEL = "-Onone";
			};
			name = Debug;
		};
		713FD7912ED0177400EC8EA8 /* Release */ = {
			isa = XCBuildConfiguration;
			buildSettings = {
				ALWAYS_SEARCH_USER_PATHS = NO;
				ASSETCATALOG_COMPILER_GENERATE_SWIFT_ASSET_SYMBOL_EXTENSIONS = YES;
				CLANG_ANALYZER_NONNULL = YES;
				CLANG_ANALYZER_NUMBER_OBJECT_CONVERSION = YES_AGGRESSIVE;
				CLANG_CXX_LANGUAGE_STANDARD = "gnu++20";
				CLANG_ENABLE_MODULES = YES;
				CLANG_ENABLE_OBJC_ARC = YES;
				CLANG_ENABLE_OBJC_WEAK = YES;
				CLANG_WARN_BLOCK_CAPTURE_AUTORELEASING = YES;
				CLANG_WARN_BOOL_CONVERSION = YES;
				CLANG_WARN_COMMA = YES;
				CLANG_WARN_CONSTANT_CONVERSION = YES;
				CLANG_WARN_DEPRECATED_OBJC_IMPLEMENTATIONS = YES;
				CLANG_WARN_DIRECT_OBJC_ISA_USAGE = YES_ERROR;
				CLANG_WARN_DOCUMENTATION_COMMENTS = YES;
				CLANG_WARN_EMPTY_BODY = YES;
				CLANG_WARN_ENUM_CONVERSION = YES;
				CLANG_WARN_INFINITE_RECURSION = YES;
				CLANG_WARN_INT_CONVERSION = YES;
				CLANG_WARN_NON_LITERAL_NULL_CONVERSION = YES;
				CLANG_WARN_OBJC_IMPLICIT_RETAIN_SELF = YES;
				CLANG_WARN_OBJC_LITERAL_CONVERSION = YES;
				CLANG_WARN_OBJC_ROOT_CLASS = YES_ERROR;
				CLANG_WARN_QUOTED_INCLUDE_IN_FRAMEWORK_HEADER = YES;
				CLANG_WARN_RANGE_LOOP_ANALYSIS = YES;
				CLANG_WARN_STRICT_PROTOTYPES = YES;
				CLANG_WARN_SUSPICIOUS_MOVE = YES;
				CLANG_WARN_UNGUARDED_AVAILABILITY = YES_AGGRESSIVE;
				CLANG_WARN_UNREACHABLE_CODE = YES;
				CLANG_WARN__DUPLICATE_METHOD_MATCH = YES;
				COPY_PHASE_STRIP = NO;
				DEBUG_INFORMATION_FORMAT = "dwarf-with-dsym";
				ENABLE_NS_ASSERTIONS = NO;
				ENABLE_STRICT_OBJC_MSGSEND = YES;
				ENABLE_USER_SCRIPT_SANDBOXING = YES;
				GCC_C_LANGUAGE_STANDARD = gnu17;
				GCC_NO_COMMON_BLOCKS = YES;
				GCC_WARN_64_TO_32_BIT_CONVERSION = YES;
				GCC_WARN_ABOUT_RETURN_TYPE = YES_ERROR;
				GCC_WARN_UNDECLARED_SELECTOR = YES;
				GCC_WARN_UNINITIALIZED_AUTOS = YES_AGGRESSIVE;
				GCC_WARN_UNUSED_FUNCTION = YES;
				GCC_WARN_UNUSED_VARIABLE = YES;
				LOCALIZATION_PREFERS_STRING_CATALOGS = YES;
				MTL_ENABLE_DEBUG_INFO = NO;
				MTL_FAST_MATH = YES;
				SWIFT_COMPILATION_MODE = wholemodule;
			};
			name = Release;
		};
		9A6DA9142ED6C4E800847200 /* Debug */ = {
			isa = XCBuildConfiguration;
			buildSettings = {
				ASSETCATALOG_COMPILER_APPICON_NAME = AppIcon;
				ASSETCATALOG_COMPILER_GLOBAL_ACCENT_COLOR_NAME = AccentColor;
				CODE_SIGN_IDENTITY = "Apple Development";
				CODE_SIGN_STYLE = Automatic;
				CURRENT_PROJECT_VERSION = 1;
				DEVELOPMENT_TEAM = 6733NVH559;
				ENABLE_PREVIEWS = YES;
				GENERATE_INFOPLIST_FILE = NO;
				INFOPLIST_FILE = "CS50 IOS/Info.plist";
				INFOPLIST_KEY_CFBundleDisplayName = "Camino Claro";
				INFOPLIST_KEY_NSLocationWhenInUseUsageDescription = "\"Location needed to access alerts\"";
				INFOPLIST_KEY_UIApplicationSceneManifest_Generation = YES;
				INFOPLIST_KEY_UIApplicationSupportsIndirectInputEvents = YES;
				INFOPLIST_KEY_UILaunchScreen_Generation = YES;
				INFOPLIST_KEY_UISupportedInterfaceOrientations_iPad = "UIInterfaceOrientationPortrait UIInterfaceOrientationPortraitUpsideDown UIInterfaceOrientationLandscapeLeft UIInterfaceOrientationLandscapeRight";
				INFOPLIST_KEY_UISupportedInterfaceOrientations_iPhone = "UIInterfaceOrientationPortrait UIInterfaceOrientationLandscapeLeft UIInterfaceOrientationLandscapeRight";
				IPHONEOS_DEPLOYMENT_TARGET = 26.1;
				LD_RUNPATH_SEARCH_PATHS = (
					"$(inherited)",
					"@executable_path/Frameworks",
				);
				MARKETING_VERSION = 1.0;
				PRODUCT_BUNDLE_IDENTIFIER = "Camino-Claro.CS50-IOS";
				PRODUCT_NAME = "$(TARGET_NAME)";
				PROVISIONING_PROFILE_SPECIFIER = "";
				SDKROOT = iphoneos;
				STRING_CATALOG_GENERATE_SYMBOLS = YES;
				SWIFT_APPROACHABLE_CONCURRENCY = YES;
				SWIFT_DEFAULT_ACTOR_ISOLATION = MainActor;
				SWIFT_EMIT_LOC_STRINGS = YES;
				SWIFT_UPCOMING_FEATURE_MEMBER_IMPORT_VISIBILITY = YES;
				SWIFT_VERSION = 5.0;
				TARGETED_DEVICE_FAMILY = "1,2";
			};
			name = Debug;
		};
		9A6DA9152ED6C4E800847200 /* Release */ = {
			isa = XCBuildConfiguration;
			buildSettings = {
				ASSETCATALOG_COMPILER_APPICON_NAME = AppIcon;
				ASSETCATALOG_COMPILER_GLOBAL_ACCENT_COLOR_NAME = AccentColor;
				CODE_SIGN_IDENTITY = "Apple Development";
				CODE_SIGN_STYLE = Automatic;
				CURRENT_PROJECT_VERSION = 1;
				DEVELOPMENT_TEAM = 6733NVH559;
				ENABLE_PREVIEWS = YES;
				GENERATE_INFOPLIST_FILE = NO;
				INFOPLIST_FILE = "CS50 IOS/Info.plist";
				INFOPLIST_KEY_CFBundleDisplayName = "Camino Claro";
				INFOPLIST_KEY_NSLocationWhenInUseUsageDescription = "\"Location needed to access alerts\"";
				INFOPLIST_KEY_UIApplicationSceneManifest_Generation = YES;
				INFOPLIST_KEY_UIApplicationSupportsIndirectInputEvents = YES;
				INFOPLIST_KEY_UILaunchScreen_Generation = YES;
				INFOPLIST_KEY_UISupportedInterfaceOrientations_iPad = "UIInterfaceOrientationPortrait UIInterfaceOrientationPortraitUpsideDown UIInterfaceOrientationLandscapeLeft UIInterfaceOrientationLandscapeRight";
				INFOPLIST_KEY_UISupportedInterfaceOrientations_iPhone = "UIInterfaceOrientationPortrait UIInterfaceOrientationLandscapeLeft UIInterfaceOrientationLandscapeRight";
				IPHONEOS_DEPLOYMENT_TARGET = 26.1;
				LD_RUNPATH_SEARCH_PATHS = (
					"$(inherited)",
					"@executable_path/Frameworks",
				);
				MARKETING_VERSION = 1.0;
				PRODUCT_BUNDLE_IDENTIFIER = "Camino-Claro.CS50-IOS";
				PRODUCT_NAME = "$(TARGET_NAME)";
				PROVISIONING_PROFILE_SPECIFIER = "";
				SDKROOT = iphoneos;
				STRING_CATALOG_GENERATE_SYMBOLS = YES;
				SWIFT_APPROACHABLE_CONCURRENCY = YES;
				SWIFT_DEFAULT_ACTOR_ISOLATION = MainActor;
				SWIFT_EMIT_LOC_STRINGS = YES;
				SWIFT_UPCOMING_FEATURE_MEMBER_IMPORT_VISIBILITY = YES;
				SWIFT_VERSION = 5.0;
				TARGETED_DEVICE_FAMILY = "1,2";
				VALIDATE_PRODUCT = YES;
			};
			name = Release;
		};
		9A6DA9172ED6C4E800847200 /* Debug */ = {
			isa = XCBuildConfiguration;
			buildSettings = {
				BUNDLE_LOADER = "$(TEST_HOST)";
				"CODE_SIGN_IDENTITY[sdk=macosx*]" = "Apple Development";
				CODE_SIGN_STYLE = Automatic;
				CURRENT_PROJECT_VERSION = 1;
				GENERATE_INFOPLIST_FILE = NO;
				INFOPLIST_FILE = "CS50 IOSTests/Info.plist";
				IPHONEOS_DEPLOYMENT_TARGET = 26.1;
				MARKETING_VERSION = 1.0;
				PRODUCT_BUNDLE_IDENTIFIER = "Camino-Claro.CS50-IOSTests";
				PRODUCT_NAME = "$(TARGET_NAME)";
				SDKROOT = iphoneos;
				STRING_CATALOG_GENERATE_SYMBOLS = NO;
				SWIFT_APPROACHABLE_CONCURRENCY = YES;
				SWIFT_EMIT_LOC_STRINGS = NO;
				SWIFT_UPCOMING_FEATURE_MEMBER_IMPORT_VISIBILITY = YES;
				SWIFT_VERSION = 5.0;
				TARGETED_DEVICE_FAMILY = "1,2";
				TEST_HOST = "$(BUILT_PRODUCTS_DIR)/CS50 IOS.app/$(BUNDLE_EXECUTABLE_FOLDER_PATH)/CS50 IOS";
			};
			name = Debug;
		};
		9A6DA9182ED6C4E800847200 /* Release */ = {
			isa = XCBuildConfiguration;
			buildSettings = {
				BUNDLE_LOADER = "$(TEST_HOST)";
				"CODE_SIGN_IDENTITY[sdk=macosx*]" = "Apple Development";
				CODE_SIGN_STYLE = Automatic;
				CURRENT_PROJECT_VERSION = 1;
				GENERATE_INFOPLIST_FILE = NO;
				INFOPLIST_FILE = "CS50 IOSTests/Info.plist";
				IPHONEOS_DEPLOYMENT_TARGET = 26.1;
				MARKETING_VERSION = 1.0;
				PRODUCT_BUNDLE_IDENTIFIER = "Camino-Claro.CS50-IOSTests";
				PRODUCT_NAME = "$(TARGET_NAME)";
				SDKROOT = iphoneos;
				STRING_CATALOG_GENERATE_SYMBOLS = NO;
				SWIFT_APPROACHABLE_CONCURRENCY = YES;
				SWIFT_EMIT_LOC_STRINGS = NO;
				SWIFT_UPCOMING_FEATURE_MEMBER_IMPORT_VISIBILITY = YES;
				SWIFT_VERSION = 5.0;
				TARGETED_DEVICE_FAMILY = "1,2";
				TEST_HOST = "$(BUILT_PRODUCTS_DIR)/CS50 IOS.app/$(BUNDLE_EXECUTABLE_FOLDER_PATH)/CS50 IOS";
				VALIDATE_PRODUCT = YES;
			};
			name = Release;
		};
		9A6DA91A2ED6C4E800847200 /* Debug */ = {
			isa = XCBuildConfiguration;
			buildSettings = {
				CODE_SIGN_STYLE = Automatic;
				CURRENT_PROJECT_VERSION = 1;
				GENERATE_INFOPLIST_FILE = YES;
				IPHONEOS_DEPLOYMENT_TARGET = 26.1;
				MARKETING_VERSION = 1.0;
				PRODUCT_BUNDLE_IDENTIFIER = "Camino-Claro.CS50-IOSUITests";
				PRODUCT_NAME = "$(TARGET_NAME)";
				SDKROOT = iphoneos;
				STRING_CATALOG_GENERATE_SYMBOLS = NO;
				SWIFT_APPROACHABLE_CONCURRENCY = YES;
				SWIFT_EMIT_LOC_STRINGS = NO;
				SWIFT_UPCOMING_FEATURE_MEMBER_IMPORT_VISIBILITY = YES;
				SWIFT_VERSION = 5.0;
				TARGETED_DEVICE_FAMILY = "1,2";
				TEST_TARGET_NAME = "CS50 IOS";
			};
			name = Debug;
		};
		9A6DA91B2ED6C4E800847200 /* Release */ = {
			isa = XCBuildConfiguration;
			buildSettings = {
				CODE_SIGN_STYLE = Automatic;
				CURRENT_PROJECT_VERSION = 1;
				GENERATE_INFOPLIST_FILE = YES;
				IPHONEOS_DEPLOYMENT_TARGET = 26.1;
				MARKETING_VERSION = 1.0;
				PRODUCT_BUNDLE_IDENTIFIER = "Camino-Claro.CS50-IOSUITests";
				PRODUCT_NAME = "$(TARGET_NAME)";
				SDKROOT = iphoneos;
				STRING_CATALOG_GENERATE_SYMBOLS = NO;
				SWIFT_APPROACHABLE_CONCURRENCY = YES;
				SWIFT_EMIT_LOC_STRINGS = NO;
				SWIFT_UPCOMING_FEATURE_MEMBER_IMPORT_VISIBILITY = YES;
				SWIFT_VERSION = 5.0;
				TARGETED_DEVICE_FAMILY = "1,2";
				TEST_TARGET_NAME = "CS50 IOS";
				VALIDATE_PRODUCT = YES;
			};
			name = Release;
		};
/* End XCBuildConfiguration section */

/* Begin XCConfigurationList section */
		713FD76A2ED0177200EC8EA8 /* Build configuration list for PBXProject "CS50" */ = {
			isa = XCConfigurationList;
			buildConfigurations = (
				713FD7902ED0177400EC8EA8 /* Debug */,
				713FD7912ED0177400EC8EA8 /* Release */,
			);
			defaultConfigurationIsVisible = 0;
			defaultConfigurationName = Release;
		};
		9A6DA9132ED6C4E800847200 /* Build configuration list for PBXNativeTarget "CS50 IOS" */ = {
			isa = XCConfigurationList;
			buildConfigurations = (
				9A6DA9142ED6C4E800847200 /* Debug */,
				9A6DA9152ED6C4E800847200 /* Release */,
			);
			defaultConfigurationIsVisible = 0;
			defaultConfigurationName = Release;
		};
		9A6DA9162ED6C4E800847200 /* Build configuration list for PBXNativeTarget "CS50 IOSTests" */ = {
			isa = XCConfigurationList;
			buildConfigurations = (
				9A6DA9172ED6C4E800847200 /* Debug */,
				9A6DA9182ED6C4E800847200 /* Release */,
			);
			defaultConfigurationIsVisible = 0;
			defaultConfigurationName = Release;
		};
		9A6DA9192ED6C4E800847200 /* Build configuration list for PBXNativeTarget "CS50 IOSUITests" */ = {
			isa = XCConfigurationList;
			buildConfigurations = (
				9A6DA91A2ED6C4E800847200 /* Debug */,
				9A6DA91B2ED6C4E800847200 /* Release */,
			);
			defaultConfigurationIsVisible = 0;
			defaultConfigurationName = Release;
		};
/* End XCConfigurationList section */

/* Begin XCRemoteSwiftPackageReference section */
		711ED1532EDB42A8000F91E5 /* XCRemoteSwiftPackageReference "firebase-ios-sdk" */ = {
			isa = XCRemoteSwiftPackageReference;
			repositoryURL = "https://github.com/firebase/firebase-ios-sdk";
			requirement = {
				kind = upToNextMajorVersion;
				minimumVersion = 12.6.0;
			};
		};
/* End XCRemoteSwiftPackageReference section */

/* Begin XCSwiftPackageProductDependency section */
		711ED1542EDB42A8000F91E5 /* FirebaseAuth */ = {
			isa = XCSwiftPackageProductDependency;
			package = 711ED1532EDB42A8000F91E5 /* XCRemoteSwiftPackageReference "firebase-ios-sdk" */;
			productName = FirebaseAuth;
		};
		711ED1562EDB42A8000F91E5 /* FirebaseFirestore */ = {
			isa = XCSwiftPackageProductDependency;
			package = 711ED1532EDB42A8000F91E5 /* XCRemoteSwiftPackageReference "firebase-ios-sdk" */;
			productName = FirebaseFirestore;
		};
		711ED1582EDB42A8000F91E5 /* FirebaseStorage */ = {
			isa = XCSwiftPackageProductDependency;
			package = 711ED1532EDB42A8000F91E5 /* XCRemoteSwiftPackageReference "firebase-ios-sdk" */;
			productName = FirebaseStorage;
		};
/* End XCSwiftPackageProductDependency section */
	};
	rootObject = 713FD7672ED0177200EC8EA8 /* Project object */;
}
